<?xml version="1.0" encoding="UTF-8" standalone="yes" ?>
<CodeBlocks_project_file>
	<FileVersion major="1" minor="6" />
	<Project>
		<Option title="CCompiler" />
		<Option pch_mode="2" />
		<Option compiler="gcc" />
		<Build>
			<Target title="Debug">
				<Option output="bin/Debug/CCompiler" prefix_auto="1" extension_auto="1" />
				<Option object_output="obj/Debug/" />
				<Option type="1" />
				<Option compiler="gcc" />
				<Option parameters="tests/simple_assignment.c" />
				<Compiler>
					<Add option="-g" />
				</Compiler>
				<Linker>
					<Add library="lib/libad-lib.a" />
				</Linker>
			</Target>
			<Target title="Release">
				<Option output="bin/Release/CCompiler" prefix_auto="1" extension_auto="1" />
				<Option object_output="obj/Release/" />
				<Option type="1" />
				<Option compiler="gcc" />
				<Compiler>
					<Add option="-O3" />
				</Compiler>
				<Linker>
					<Add library="lib/libad-lib.a" />
				</Linker>
			</Target>
		</Build>
		<Compiler>
			<Add option="-Wall" />
		</Compiler>
		<Unit filename="adlib.h" />
		<Unit filename="cc.h" />
		<Unit filename="cctestsuite.c">
			<Option compilerVar="CC" />
		</Unit>
		<Unit filename="cdecl.c">
			<Option compilerVar="CC" />
		</Unit>
		<Unit filename="cfg.c">
			<Option compilerVar="CC" />
		</Unit>
		<Unit filename="debug.c">
			<Option compilerVar="CC" />
		</Unit>
		<Unit filename="error.c">
			<Option compilerVar="CC" />
		</Unit>
		<Unit filename="file.c">
			<Option compilerVar="CC" />
		</Unit>
		<Unit filename="gen.c">
			<Option compilerVar="CC" />
		</Unit>
		<Unit filename="main.c">
			<Option compilerVar="CC" />
		</Unit>
		<Unit filename="map.c">
			<Option compilerVar="CC" />
		</Unit>
		<Unit filename="module.c">
			<Option compilerVar="CC" />
		</Unit>
		<Unit filename="operator.c">
			<Option compilerVar="CC" />
		</Unit>
		<Unit filename="parse.c">
			<Option compilerVar="CC" />
		</Unit>
		<Unit filename="poison.c">
			<Option compilerVar="CC" />
		</Unit>
		<Unit filename="preprocessor.c">
			<Option compilerVar="CC" />
		</Unit>
		<Unit filename="regalloc.c">
			<Option compilerVar="CC" />
		</Unit>
		<Unit filename="scan.c">
			<Option compilerVar="CC" />
		</Unit>
		<Unit filename="ssa.c">
			<Option compilerVar="CC" />
		</Unit>
		<Unit filename="symbols.c">
			<Option compilerVar="CC" />
		</Unit>
		<Unit filename="thread.c">
			<Option compilerVar="CC" />
		</Unit>
		<Unit filename="translation_limits.h">
			<Option target="&lt;{~None~}&gt;" />
		</Unit>
		<Unit filename="types.c">
			<Option compilerVar="CC" />
		</Unit>
		<Unit filename="version.h" />
		<Extensions>
			<code_completion />
			<envvars />
			<debugger />
			<lib_finder disable_auto="1" />
			<AutoVersioning>
				<Scheme minor_max="10" build_max="0" rev_max="0" rev_rand_max="10" build_times_to_increment_minor="100" />
				<Settings autoincrement="1" date_declarations="1" use_define="0" update_manifest="1" do_auto_increment="0" ask_to_increment="0" language="C++" svn="0" svn_directory="" header_path="version.h" />
				<Changes_Log show_changes_editor="0" app_title="released version %M.%m.%b of %p" changeslog_path="ChangesLog.txt" />
				<Code header_guard="VERSION_H" namespace="AutoVersion" prefix="" />
			</AutoVersioning>
		</Extensions>
	</Project>
</CodeBlocks_project_file>
